
Microsoft Visual Studio Solution File, Format Version 12.00
# Visual Studio Version 16
VisualStudioVersion = 16.0.30011.22
MinimumVisualStudioVersion = 10.0.40219.1
Project("{FAE04EC0-301F-11D3-BF4B-00C04F79EFBC}") = "ChatAPI", "ChatAPI\ChatAPI.csproj", "{97870338-F234-44E3-8A95-A5E9979DFAD1}"
EndProject
Project("{FAE04EC0-301F-11D3-BF4B-00C04F79EFBC}") = "StockConsultantBot", "StockConsultantBot\StockConsultantBot.csproj", "{00C1B825-CCEB-4478-BC85-2B7CB4046510}"
EndProject
Global
	GlobalSection(SolutionConfigurationPlatforms) = preSolution
		Debug|Any CPU = Debug|Any CPU
		Release|Any CPU = Release|Any CPU
	EndGlobalSection
	GlobalSection(ProjectConfigurationPlatforms) = postSolution
		{97870338-F234-44E3-8A95-A5E9979DFAD1}.Debug|Any CPU.ActiveCfg = Debug|Any CPU
		{97870338-F234-44E3-8A95-A5E9979DFAD1}.Debug|Any CPU.Build.0 = Debug|Any CPU
		{97870338-F234-44E3-8A95-A5E9979DFAD1}.Release|Any CPU.ActiveCfg = Release|Any CPU
		{97870338-F234-44E3-8A95-A5E9979DFAD1}.Release|Any CPU.Build.0 = Release|Any CPU
		{00C1B825-CCEB-4478-BC85-2B7CB4046510}.Debug|Any CPU.ActiveCfg = Debug|Any CPU
		{00C1B825-CCEB-4478-BC85-2B7CB4046510}.Debug|Any CPU.Build.0 = Debug|Any CPU
		{00C1B825-CCEB-4478-BC85-2B7CB4046510}.Release|Any CPU.ActiveCfg = Release|Any CPU
		{00C1B825-CCEB-4478-BC85-2B7CB4046510}.Release|Any CPU.Build.0 = Release|Any CPU
	EndGlobalSection
	GlobalSection(SolutionProperties) = preSolution
		HideSolutionNode = FALSE
	EndGlobalSection
	GlobalSection(ExtensibilityGlobals) = postSolution
		SolutionGuid = {E6B45C2C-9F3D-4B49-A307-02F644239659}
	EndGlobalSection
EndGlobal
